{
  "version": "5",
  "remote": {
    "https://edge.netlify.com/": "fd941d61d88673d5f28aab283fb86fcc50f08a3bc80ee5470498fcfa88c65cfb",
    "https://edge.netlify.com/bootstrap/config.ts": "6a2ce0e544e15e8f8883a5c18da5948e37fd0f2619f68cb31f3af53c51817025",
    "https://edge.netlify.com/bootstrap/context.ts": "e97240232121e2f369f6546ce961490f34d961ea1ea54be3ff09633e3f08373f",
    "https://edge.netlify.com/bootstrap/cookie.ts": "8b0baae708989ca183c6f3b4ab3d029e6abcbc2e43f93edeb0ff447b3bbc3a05",
    "https://edge.netlify.com/bootstrap/edge_function.ts": "b8253e86aa83c67341f5cfedeba5049d77fbf84dcab7eceff7566b7728ae9b39",
    "https://edge.netlify.com/bootstrap/globals/types.ts": "eaa6148ded3121d8dee62dd91c86e7fe76601df0f3ca8d7962243a30f4c8935f"
  },
  "workspace": {
    "packageJson": {
      "dependencies": [
        "npm:@google/genai@^2.8.0",
        "npm:@magenta/music@^1.23.1",
        "npm:@playwright/test@^1.60.0",
        "npm:@sparticuz/chromium@^131.0.1",
        "npm:@supabase/supabase-js@^2.106.2",
        "npm:@tailwindcss/postcss@^4.3.3",
        "npm:@types/canvas-confetti@^1.9.0",
        "npm:@types/cors@^2.8.19",
        "npm:@types/express@^5.0.6",
        "npm:@types/node@20",
        "npm:@types/nodemailer@^8.0.1",
        "npm:@types/pg@^8.20.0",
        "npm:@types/react-dom@19",
        "npm:@types/react@19",
        "npm:@whiskeysockets/baileys@^7.0.0-rc13",
        "npm:canvas-confetti@^1.9.4",
        "npm:cheerio@^1.2.0",
        "npm:concurrently@^8.2.0",
        "npm:cors@^2.8.6",
        "npm:eslint-config-next@16.2.7",
        "npm:eslint@9",
        "npm:express@^5.2.1",
        "npm:googleapis@173",
        "npm:imap@~0.8.19",
        "npm:libsodium-wrappers@~0.8.4",
        "npm:lucide-react@^1.17.0",
        "npm:mailparser@^3.7.2",
        "npm:next@16.2.7",
        "npm:nodemailer@^9.0.1",
        "npm:open@9",
        "npm:pg@^8.22.0",
        "npm:pino@^10.3.1",
        "npm:pitchy@2",
        "npm:postcss@^8.5.26",
        "npm:puppeteer-core@^25.2.0",
        "npm:puppeteer-extra-plugin-stealth@^2.11.2",
        "npm:puppeteer-extra@^3.3.6",
        "npm:qrcode-terminal@0.12",
        "npm:qrcode@^1.5.4",
        "npm:react-dom@19.2.4",
        "npm:react@19.2.4",
        "npm:socks-proxy-agent@^10.1.0",
        "npm:tailwindcss@^4.3.3",
        "npm:tone@^14.8.39",
        "npm:ts-node@^10.9.2",
        "npm:tsx@^4.23.0",
        "npm:twilio@^4.22.0",
        "npm:typescript@5",
        "npm:xlsx@~0.18.5"
      ]
    }
  }
}
